// !$*UTF8*$!
{
	archiveVersion = 1;
	classes = {
	};
	objectVersion = 56;
	objects = {

/* Begin PBXBuildFile section */
		A70BFF9E2AE11A7200FE7992 /* AppDelegate.swift in Sources */ = {isa = PBXBuildFile; fileRef = A70BFF9D2AE11A7200FE7992 /* AppDelegate.swift */; };
		A70BFFA02AE11A7200FE7992 /* SceneDelegate.swift in Sources */ = {isa = PBXBuildFile; fileRef = A70BFF9F2AE11A7200FE7992 /* SceneDelegate.swift */; };
		A70BFFA22AE11A7200FE7992 /* ViewController.swift in Sources */ = {isa = PBXBuildFile; fileRef = A70BFFA12AE11A7200FE7992 /* ViewController.swift */; };
		A70BFFA52AE11A7200FE7992 /* Main.storyboard in Resources */ = {isa = PBXBuildFile; fileRef = A70BFFA32AE11A7200FE7992 /* Main.storyboard */; };
		A70BFFA72AE11A7300FE7992 /* Assets.xcassets in Resources */ = {isa = PBXBuildFile; fileRef = A70BFFA62AE11A7300FE7992 /* Assets.xcassets */; };
		A70BFFAA2AE11A7300FE7992 /* LaunchScreen.storyboard in Resources */ = {isa = PBXBuildFile; fileRef = A70BFFA82AE11A7300FE7992 /* LaunchScreen.storyboard */; };
		A76E72AB2AE2B65700D8E0C3 /* Crypto.swift in Sources */ = {isa = PBXBuildFile; fileRef = A76E72AA2AE2B65700D8E0C3 /* Crypto.swift */; };
		A76E72AD2AE2BA8800D8E0C3 /* Webservice.swift in Sources */ = {isa = PBXBuildFile; fileRef = A76E72AC2AE2BA8800D8E0C3 /* Webservice.swift */; };
/* End PBXBuildFile section */

/* Begin PBXFileReference section */
		A70BFF9A2AE11A7200FE7992 /* CryproAppMVVMRxSwift.app */ = {isa = PBXFileReference; explicitFileType = wrapper.application; includeInIndex = 0; path = CryproAppMVVMRxSwift.app; sourceTree = BUILT_PRODUCTS_DIR; };
		A70BFF9D2AE11A7200FE7992 /* AppDelegate.swift */ = {isa = PBXFileReference; lastKnownFileType = sourcecode.swift; path = AppDelegate.swift; sourceTree = "<group>"; };
		A70BFF9F2AE11A7200FE7992 /* SceneDelegate.swift */ = {isa = PBXFileReference; lastKnownFileType = sourcecode.swift; path = SceneDelegate.swift; sourceTree = "<group>"; };
		A70BFFA12AE11A7200FE7992 /* ViewController.swift */ = {isa = PBXFileReference; lastKnownFileType = sourcecode.swift; path = ViewController.swift; sourceTree = "<group>"; };
		A70BFFA42AE11A7200FE7992 /* Base */ = {isa = PBXFileReference; lastKnownFileType = file.storyboard; name = Base; path = Base.lproj/Main.storyboard; sourceTree = "<group>"; };
		A70BFFA62AE11A7300FE7992 /* Assets.xcassets */ = {isa = PBXFileReference; lastKnownFileType = folder.assetcatalog; path = Assets.xcassets; sourceTree = "<group>"; };
		A70BFFA92AE11A7300FE7992 /* Base */ = {isa = PBXFileReference; lastKnownFileType = file.storyboard; name = Base; path = Base.lproj/LaunchScreen.storyboard; sourceTree = "<group>"; };
		A70BFFAB2AE11A7300FE7992 /* Info.plist */ = {isa = PBXFileReference; lastKnownFileType = text.plist.xml; path = Info.plist; sourceTree = "<group>"; };
		A76E72AA2AE2B65700D8E0C3 /* Crypto.swift */ = {isa = PBXFileReference; lastKnownFileType = sourcecode.swift; path = Crypto.swift; sourceTree = "<group>"; };
		A76E72AC2AE2BA8800D8E0C3 /* Webservice.swift */ = {isa = PBXFileReference; lastKnownFileType = sourcecode.swift; path = Webservice.swift; sourceTree = "<group>"; };
/* End PBXFileReference section */

/* Begin PBXFrameworksBuildPhase section */
		A70BFF972AE11A7200FE7992 /* Frameworks */ = {
			isa = PBXFrameworksBuildPhase;
			buildActionMask = 2147483647;
			files = (
			);
			runOnlyForDeploymentPostprocessing = 0;
		};
/* End PBXFrameworksBuildPhase section */

/* Begin PBXGroup section */
		A70BFF912AE11A7200FE7992 = {
			isa = PBXGroup;
			children = (
				A70BFF9C2AE11A7200FE7992 /* CryproAppMVVMRxSwift */,
				A70BFF9B2AE11A7200FE7992 /* Products */,
			);
			sourceTree = "<group>";
		};
		A70BFF9B2AE11A7200FE7992 /* Products */ = {
			isa = PBXGroup;
			children = (
				A70BFF9A2AE11A7200FE7992 /* CryproAppMVVMRxSwift.app */,
			);
			name = Products;
			sourceTree = "<group>";
		};
		A70BFF9C2AE11A7200FE7992 /* CryproAppMVVMRxSwift */ = {
			isa = PBXGroup;
			children = (
				A76E72A92AE2B53A00D8E0C3 /* Services */,
				A70BFFB32AE11C6B00FE7992 /* ViewModel */,
				A70BFFB22AE11C6400FE7992 /* Model */,
				A70BFFB12AE11C5B00FE7992 /* View */,
				A70BFFA32AE11A7200FE7992 /* Main.storyboard */,
				A70BFFA62AE11A7300FE7992 /* Assets.xcassets */,
				A70BFFA82AE11A7300FE7992 /* LaunchScreen.storyboard */,
				A70BFFAB2AE11A7300FE7992 /* Info.plist */,
			);
			path = CryproAppMVVMRxSwift;
			sourceTree = "<group>";
		};
		A70BFFB12AE11C5B00FE7992 /* View */ = {
			isa = PBXGroup;
			children = (
				A70BFF9D2AE11A7200FE7992 /* AppDelegate.swift */,
				A70BFF9F2AE11A7200FE7992 /* SceneDelegate.swift */,
				A70BFFA12AE11A7200FE7992 /* ViewController.swift */,
			);
			path = View;
			sourceTree = "<group>";
		};
		A70BFFB22AE11C6400FE7992 /* Model */ = {
			isa = PBXGroup;
			children = (
				A76E72AA2AE2B65700D8E0C3 /* Crypto.swift */,
			);
			path = Model;
			sourceTree = "<group>";
		};
		A70BFFB32AE11C6B00FE7992 /* ViewModel */ = {
			isa = PBXGroup;
			children = (
			);
			path = ViewModel;
			sourceTree = "<group>";
		};
		A76E72A92AE2B53A00D8E0C3 /* Services */ = {
			isa = PBXGroup;
			children = (
				A76E72AC2AE2BA8800D8E0C3 /* Webservice.swift */,
			);
			path = Services;
			sourceTree = "<group>";
		};
/* End PBXGroup section */

/* Begin PBXNativeTarget section */
		A70BFF992AE11A7200FE7992 /* CryproAppMVVMRxSwift */ = {
			isa = PBXNativeTarget;
			buildConfigurationList = A70BFFAE2AE11A7300FE7992 /* Build configuration list for PBXNativeTarget "CryproAppMVVMRxSwift" */;
			buildPhases = (
				A70BFF962AE11A7200FE7992 /* Sources */,
				A70BFF972AE11A7200FE7992 /* Frameworks */,
				A70BFF982AE11A7200FE7992 /* Resources */,
			);
			buildRules = (
			);
			dependencies = (
			);
			name = CryproAppMVVMRxSwift;
			productName = CryproAppMVVMRxSwift;
			productReference = A70BFF9A2AE11A7200FE7992 /* CryproAppMVVMRxSwift.app */;
			productType = "com.apple.product-type.application";
		};
/* End PBXNativeTarget section */

/* Begin PBXProject section */
		A70BFF922AE11A7200FE7992 /* Project object */ = {
			isa = PBXProject;
			attributes = {
				BuildIndependentTargetsInParallel = 1;
				LastSwiftUpdateCheck = 1430;
				LastUpgradeCheck = 1430;
				TargetAttributes = {
					A70BFF992AE11A7200FE7992 = {
						CreatedOnToolsVersion = 14.3;
					};
				};
			};
			buildConfigurationList = A70BFF952AE11A7200FE7992 /* Build configuration list for PBXProject "CryproAppMVVMRxSwift" */;
			compatibilityVersion = "Xcode 14.0";
			developmentRegion = en;
			hasScannedForEncodings = 0;
			knownRegions = (
				en,
				Base,
			);
			mainGroup = A70BFF912AE11A7200FE7992;
			productRefGroup = A70BFF9B2AE11A7200FE7992 /* Products */;
			projectDirPath = "";
			projectRoot = "";
			targets = (
				A70BFF992AE11A7200FE7992 /* CryproAppMVVMRxSwift */,
			);
		};
/* End PBXProject section */

/* Begin PBXResourcesBuildPhase section */
		A70BFF982AE11A7200FE7992 /* Resources */ = {
			isa = PBXResourcesBuildPhase;
			buildActionMask = 2147483647;
			files = (
				A70BFFAA2AE11A7300FE7992 /* LaunchScreen.storyboard in Resources */,
				A70BFFA72AE11A7300FE7992 /* Assets.xcassets in Resources */,
				A70BFFA52AE11A7200FE7992 /* Main.storyboard in Resources */,
			);
			runOnlyForDeploymentPostprocessing = 0;
		};
/* End PBXResourcesBuildPhase section */

/* Begin PBXSourcesBuildPhase section */
		A70BFF962AE11A7200FE7992 /* Sources */ = {
			isa = PBXSourcesBuildPhase;
			buildActionMask = 2147483647;
			files = (
				A76E72AB2AE2B65700D8E0C3 /* Crypto.swift in Sources */,
				A70BFFA22AE11A7200FE7992 /* ViewController.swift in Sources */,
				A70BFF9E2AE11A7200FE7992 /* AppDelegate.swift in Sources */,
				A76E72AD2AE2BA8800D8E0C3 /* Webservice.swift in Sources */,
				A70BFFA02AE11A7200FE7992 /* SceneDelegate.swift in Sources */,
			);
			runOnlyForDeploymentPostprocessing = 0;
		};
/* End PBXSourcesBuildPhase section */

/* Begin PBXVariantGroup section */
		A70BFFA32AE11A7200FE7992 /* Main.storyboard */ = {
			isa = PBXVariantGroup;
			children = (
				A70BFFA42AE11A7200FE7992 /* Base */,
			);
			name = Main.storyboard;
			sourceTree = "<group>";
		};
		A70BFFA82AE11A7300FE7992 /* LaunchScreen.storyboard */ = {
			isa = PBXVariantGroup;
			children = (
				A70BFFA92AE11A7300FE7992 /* Base */,
			);
			name = LaunchScreen.storyboard;
			sourceTree = "<group>";
		};
/* End PBXVariantGroup section */

/* Begin XCBuildConfiguration section */
		A70BFFAC2AE11A7300FE7992 /* Debug */ = {
			isa = XCBuildConfiguration;
			buildSettings = {
				ALWAYS_SEARCH_USER_PATHS = NO;
				CLANG_ANALYZER_NONNULL = YES;
				CLANG_ANALYZER_NUMBER_OBJECT_CONVERSION = YES_AGGRESSIVE;
				CLANG_CXX_LANGUAGE_STANDARD = "gnu++20";
				CLANG_ENABLE_MODULES = YES;
				CLANG_ENABLE_OBJC_ARC = YES;
				CLANG_ENABLE_OBJC_WEAK = YES;
				CLANG_WARN_BLOCK_CAPTURE_AUTORELEASING = YES;
				CLANG_WARN_BOOL_CONVERSION = YES;
				CLANG_WARN_COMMA = YES;
				CLANG_WARN_CONSTANT_CONVERSION = YES;
				CLANG_WARN_DEPRECATED_OBJC_IMPLEMENTATIONS = YES;
				CLANG_WARN_DIRECT_OBJC_ISA_USAGE = YES_ERROR;
				CLANG_WARN_DOCUMENTATION_COMMENTS = YES;
				CLANG_WARN_EMPTY_BODY = YES;
				CLANG_WARN_ENUM_CONVERSION = YES;
				CLANG_WARN_INFINITE_RECURSION = YES;
				CLANG_WARN_INT_CONVERSION = YES;
				CLANG_WARN_NON_LITERAL_NULL_CONVERSION = YES;
				CLANG_WARN_OBJC_IMPLICIT_RETAIN_SELF = YES;
				CLANG_WARN_OBJC_LITERAL_CONVERSION = YES;
				CLANG_WARN_OBJC_ROOT_CLASS = YES_ERROR;
				CLANG_WARN_QUOTED_INCLUDE_IN_FRAMEWORK_HEADER = YES;
				CLANG_WARN_RANGE_LOOP_ANALYSIS = YES;
				CLANG_WARN_STRICT_PROTOTYPES = YES;
				CLANG_WARN_SUSPICIOUS_MOVE = YES;
				CLANG_WARN_UNGUARDED_AVAILABILITY = YES_AGGRESSIVE;
				CLANG_WARN_UNREACHABLE_CODE = YES;
				CLANG_WARN__DUPLICATE_METHOD_MATCH = YES;
				COPY_PHASE_STRIP = NO;
				DEBUG_INFORMATION_FORMAT = dwarf;
				ENABLE_STRICT_OBJC_MSGSEND = YES;
				ENABLE_TESTABILITY = YES;
				GCC_C_LANGUAGE_STANDARD = gnu11;
				GCC_DYNAMIC_NO_PIC = NO;
				GCC_NO_COMMON_BLOCKS = YES;
				GCC_OPTIMIZATION_LEVEL = 0;
				GCC_PREPROCESSOR_DEFINITIONS = (
					"DEBUG=1",
					"$(inherited)",
				);
				GCC_WARN_64_TO_32_BIT_CONVERSION = YES;
				GCC_WARN_ABOUT_RETURN_TYPE = YES_ERROR;
				GCC_WARN_UNDECLARED_SELECTOR = YES;
				GCC_WARN_UNINITIALIZED_AUTOS = YES_AGGRESSIVE;
				GCC_WARN_UNUSED_FUNCTION = YES;
				GCC_WARN_UNUSED_VARIABLE = YES;
				IPHONEOS_DEPLOYMENT_TARGET = 16.4;
				MTL_ENABLE_DEBUG_INFO = INCLUDE_SOURCE;
				MTL_FAST_MATH = YES;
				ONLY_ACTIVE_ARCH = YES;
				SDKROOT = iphoneos;
				SWIFT_ACTIVE_COMPILATION_CONDITIONS = DEBUG;
				SWIFT_OPTIMIZATION_LEVEL = "-Onone";
			};
			name = Debug;
		};
		A70BFFAD2AE11A7300FE7992 /* Release */ = {
			isa = XCBuildConfiguration;
			buildSettings = {
				ALWAYS_SEARCH_USER_PATHS = NO;
				CLANG_ANALYZER_NONNULL = YES;
				CLANG_ANALYZER_NUMBER_OBJECT_CONVERSION = YES_AGGRESSIVE;
				CLANG_CXX_LANGUAGE_STANDARD = "gnu++20";
				CLANG_ENABLE_MODULES = YES;
				CLANG_ENABLE_OBJC_ARC = YES;
				CLANG_ENABLE_OBJC_WEAK = YES;
				CLANG_WARN_BLOCK_CAPTURE_AUTORELEASING = YES;
				CLANG_WARN_BOOL_CONVERSION = YES;
				CLANG_WARN_COMMA = YES;
				CLANG_WARN_CONSTANT_CONVERSION = YES;
				CLANG_WARN_DEPRECATED_OBJC_IMPLEMENTATIONS = YES;
				CLANG_WARN_DIRECT_OBJC_ISA_USAGE = YES_ERROR;
				CLANG_WARN_DOCUMENTATION_COMMENTS = YES;
				CLANG_WARN_EMPTY_BODY = YES;
				CLANG_WARN_ENUM_CONVERSION = YES;
				CLANG_WARN_INFINITE_RECURSION = YES;
				CLANG_WARN_INT_CONVERSION = YES;
				CLANG_WARN_NON_LITERAL_NULL_CONVERSION = YES;
				CLANG_WARN_OBJC_IMPLICIT_RETAIN_SELF = YES;
				CLANG_WARN_OBJC_LITERAL_CONVERSION = YES;
				CLANG_WARN_OBJC_ROOT_CLASS = YES_ERROR;
				CLANG_WARN_QUOTED_INCLUDE_IN_FRAMEWORK_HEADER = YES;
				CLANG_WARN_RANGE_LOOP_ANALYSIS = YES;
				CLANG_WARN_STRICT_PROTOTYPES = YES;
				CLANG_WARN_SUSPICIOUS_MOVE = YES;
				CLANG_WARN_UNGUARDED_AVAILABILITY = YES_AGGRESSIVE;
				CLANG_WARN_UNREACHABLE_CODE = YES;
				CLANG_WARN__DUPLICATE_METHOD_MATCH = YES;
				COPY_PHASE_STRIP = NO;
				DEBUG_INFORMATION_FORMAT = "dwarf-with-dsym";
				ENABLE_NS_ASSERTIONS = NO;
				ENABLE_STRICT_OBJC_MSGSEND = YES;
				GCC_C_LANGUAGE_STANDARD = gnu11;
				GCC_NO_COMMON_BLOCKS = YES;
				GCC_WARN_64_TO_32_BIT_CONVERSION = YES;
				GCC_WARN_ABOUT_RETURN_TYPE = YES_ERROR;
				GCC_WARN_UNDECLARED_SELECTOR = YES;
				GCC_WARN_UNINITIALIZED_AUTOS = YES_AGGRESSIVE;
				GCC_WARN_UNUSED_FUNCTION = YES;
				GCC_WARN_UNUSED_VARIABLE = YES;
				IPHONEOS_DEPLOYMENT_TARGET = 16.4;
				MTL_ENABLE_DEBUG_INFO = NO;
				MTL_FAST_MATH = YES;
				SDKROOT = iphoneos;
				SWIFT_COMPILATION_MODE = wholemodule;
				SWIFT_OPTIMIZATION_LEVEL = "-O";
				VALIDATE_PRODUCT = YES;
			};
			name = Release;
		};
		A70BFFAF2AE11A7300FE7992 /* Debug */ = {
			isa = XCBuildConfiguration;
			buildSettings = {
				ASSETCATALOG_COMPILER_APPICON_NAME = AppIcon;
				ASSETCATALOG_COMPILER_GLOBAL_ACCENT_COLOR_NAME = AccentColor;
				CODE_SIGN_STYLE = Automatic;
				CURRENT_PROJECT_VERSION = 1;
				DEVELOPMENT_TEAM = 9UGZTB7VYP;
				GENERATE_INFOPLIST_FILE = YES;
				INFOPLIST_FILE = CryproAppMVVMRxSwift/Info.plist;
				INFOPLIST_KEY_UIApplicationSupportsIndirectInputEvents = YES;
				INFOPLIST_KEY_UILaunchStoryboardName = LaunchScreen;
				INFOPLIST_KEY_UIMainStoryboardFile = Main;
				INFOPLIST_KEY_UISupportedInterfaceOrientations_iPad = "UIInterfaceOrientationPortrait UIInterfaceOrientationPortraitUpsideDown UIInterfaceOrientationLandscapeLeft UIInterfaceOrientationLandscapeRight";
				INFOPLIST_KEY_UISupportedInterfaceOrientations_iPhone = "UIInterfaceOrientationPortrait UIInterfaceOrientationLandscapeLeft UIInterfaceOrientationLandscapeRight";
				LD_RUNPATH_SEARCH_PATHS = (
					"$(inherited)",
					"@executable_path/Frameworks",
				);
				MARKETING_VERSION = 1.0;
				PRODUCT_BUNDLE_IDENTIFIER = aibekigizbayev.CryproAppMVVMRxSwift;
				PRODUCT_NAME = "$(TARGET_NAME)";
				SWIFT_EMIT_LOC_STRINGS = YES;
				SWIFT_VERSION = 5.0;
				TARGETED_DEVICE_FAMILY = "1,2";
			};
			name = Debug;
		};
		A70BFFB02AE11A7300FE7992 /* Release */ = {
			isa = XCBuildConfiguration;
			buildSettings = {
				ASSETCATALOG_COMPILER_APPICON_NAME = AppIcon;
				ASSETCATALOG_COMPILER_GLOBAL_ACCENT_COLOR_NAME = AccentColor;
				CODE_SIGN_STYLE = Automatic;
				CURRENT_PROJECT_VERSION = 1;
				DEVELOPMENT_TEAM = 9UGZTB7VYP;
				GENERATE_INFOPLIST_FILE = YES;
				INFOPLIST_FILE = CryproAppMVVMRxSwift/Info.plist;
				INFOPLIST_KEY_UIApplicationSupportsIndirectInputEvents = YES;
				INFOPLIST_KEY_UILaunchStoryboardName = LaunchScreen;
				INFOPLIST_KEY_UIMainStoryboardFile = Main;
				INFOPLIST_KEY_UISupportedInterfaceOrientations_iPad = "UIInterfaceOrientationPortrait UIInterfaceOrientationPortraitUpsideDown UIInterfaceOrientationLandscapeLeft UIInterfaceOrientationLandscapeRight";
				INFOPLIST_KEY_UISupportedInterfaceOrientations_iPhone = "UIInterfaceOrientationPortrait UIInterfaceOrientationLandscapeLeft UIInterfaceOrientationLandscapeRight";
				LD_RUNPATH_SEARCH_PATHS = (
					"$(inherited)",
					"@executable_path/Frameworks",
				);
				MARKETING_VERSION = 1.0;
				PRODUCT_BUNDLE_IDENTIFIER = aibekigizbayev.CryproAppMVVMRxSwift;
				PRODUCT_NAME = "$(TARGET_NAME)";
				SWIFT_EMIT_LOC_STRINGS = YES;
				SWIFT_VERSION = 5.0;
				TARGETED_DEVICE_FAMILY = "1,2";
			};
			name = Release;
		};
/* End XCBuildConfiguration section */

/* Begin XCConfigurationList section */
		A70BFF952AE11A7200FE7992 /* Build configuration list for PBXProject "CryproAppMVVMRxSwift" */ = {
			isa = XCConfigurationList;
			buildConfigurations = (
				A70BFFAC2AE11A7300FE7992 /* Debug */,
				A70BFFAD2AE11A7300FE7992 /* Release */,
			);
			defaultConfigurationIsVisible = 0;
			defaultConfigurationName = Release;
		};
		A70BFFAE2AE11A7300FE7992 /* Build configuration list for PBXNativeTarget "CryproAppMVVMRxSwift" */ = {
			isa = XCConfigurationList;
			buildConfigurations = (
				A70BFFAF2AE11A7300FE7992 /* Debug */,
				A70BFFB02AE11A7300FE7992 /* Release */,
			);
			defaultConfigurationIsVisible = 0;
			defaultConfigurationName = Release;
		};
/* End XCConfigurationList section */
	};
	rootObject = A70BFF922AE11A7200FE7992 /* Project object */;
}
